
Microsoft Visual Studio Solution File, Format Version 12.00
# Visual Studio Version 16
VisualStudioVersion = 16.0.30517.126
MinimumVisualStudioVersion = 10.0.40219.1
Project("{9A19103F-16F7-4668-BE54-9A1E7A4F7556}") = "CoursDeProgrammation.Caca", "CoursDeProgrammation.Console\CoursDeProgrammation.Caca.csproj", "{544711AB-1768-494F-BB84-C97EF9B815ED}"
EndProject
Project("{9A19103F-16F7-4668-BE54-9A1E7A4F7556}") = "CoursDeProgrammation.Data", "CoursDeProgrammation.Data\CoursDeProgrammation.Data.csproj", "{85F27BC3-2264-49B2-9CB9-4B794BC0668A}"
EndProject
Project("{9A19103F-16F7-4668-BE54-9A1E7A4F7556}") = "CoursDeProgrammation.DomainObjects", "CoursDeProgrammation.DomainObjects\CoursDeProgrammation.DomainObjects.csproj", "{2EFE5ADC-91D6-4A6A-B9BA-2D107C00EB63}"
EndProject
Global
	GlobalSection(SolutionConfigurationPlatforms) = preSolution
		Debug|Any CPU = Debug|Any CPU
		Release|Any CPU = Release|Any CPU
	EndGlobalSection
	GlobalSection(ProjectConfigurationPlatforms) = postSolution
		{544711AB-1768-494F-BB84-C97EF9B815ED}.Debug|Any CPU.ActiveCfg = Debug|Any CPU
		{544711AB-1768-494F-BB84-C97EF9B815ED}.Debug|Any CPU.Build.0 = Debug|Any CPU
		{544711AB-1768-494F-BB84-C97EF9B815ED}.Release|Any CPU.ActiveCfg = Release|Any CPU
		{544711AB-1768-494F-BB84-C97EF9B815ED}.Release|Any CPU.Build.0 = Release|Any CPU
		{85F27BC3-2264-49B2-9CB9-4B794BC0668A}.Debug|Any CPU.ActiveCfg = Debug|Any CPU
		{85F27BC3-2264-49B2-9CB9-4B794BC0668A}.Debug|Any CPU.Build.0 = Debug|Any CPU
		{85F27BC3-2264-49B2-9CB9-4B794BC0668A}.Release|Any CPU.ActiveCfg = Release|Any CPU
		{85F27BC3-2264-49B2-9CB9-4B794BC0668A}.Release|Any CPU.Build.0 = Release|Any CPU
		{2EFE5ADC-91D6-4A6A-B9BA-2D107C00EB63}.Debug|Any CPU.ActiveCfg = Debug|Any CPU
		{2EFE5ADC-91D6-4A6A-B9BA-2D107C00EB63}.Debug|Any CPU.Build.0 = Debug|Any CPU
		{2EFE5ADC-91D6-4A6A-B9BA-2D107C00EB63}.Release|Any CPU.ActiveCfg = Release|Any CPU
		{2EFE5ADC-91D6-4A6A-B9BA-2D107C00EB63}.Release|Any CPU.Build.0 = Release|Any CPU
	EndGlobalSection
	GlobalSection(SolutionProperties) = preSolution
		HideSolutionNode = FALSE
	EndGlobalSection
	GlobalSection(ExtensibilityGlobals) = postSolution
		SolutionGuid = {664876EB-0D25-4DD0-BF98-709D30DD787E}
	EndGlobalSection
EndGlobal
